// !$*UTF8*$!
{
	archiveVersion = 1;
	classes = {
	};
	objectVersion = 46;
	objects = {

/* Begin PBXBuildFile section */
		331020CA1BF4DEC500DFC7FE /* AppDelegate.swift in Sources */ = {isa = PBXBuildFile; fileRef = 331020C91BF4DEC500DFC7FE /* AppDelegate.swift */; };
		331020CC1BF4DEC500DFC7FE /* ViewController.swift in Sources */ = {isa = PBXBuildFile; fileRef = 331020CB1BF4DEC500DFC7FE /* ViewController.swift */; };
		331020CF1BF4DEC500DFC7FE /* Main.storyboard in Resources */ = {isa = PBXBuildFile; fileRef = 331020CD1BF4DEC500DFC7FE /* Main.storyboard */; };
		331020D11BF4DEC500DFC7FE /* Assets.xcassets in Resources */ = {isa = PBXBuildFile; fileRef = 331020D01BF4DEC500DFC7FE /* Assets.xcassets */; };
		331020D41BF4DEC500DFC7FE /* LaunchScreen.storyboard in Resources */ = {isa = PBXBuildFile; fileRef = 331020D21BF4DEC500DFC7FE /* LaunchScreen.storyboard */; };
		331020DC1BF4E3B200DFC7FE /* SecViewController.swift in Sources */ = {isa = PBXBuildFile; fileRef = 331020DB1BF4E3B200DFC7FE /* SecViewController.swift */; };
		331020DE1BF4E71100DFC7FE /* ScorllLayoutViewController.swift in Sources */ = {isa = PBXBuildFile; fileRef = 331020DD1BF4E71100DFC7FE /* ScorllLayoutViewController.swift */; };
		331020E01BF4F0B800DFC7FE /* ForthViewController.swift in Sources */ = {isa = PBXBuildFile; fileRef = 331020DF1BF4F0B800DFC7FE /* ForthViewController.swift */; };
		331020E21BF4F68300DFC7FE /* FifthViewController.swift in Sources */ = {isa = PBXBuildFile; fileRef = 331020E11BF4F68300DFC7FE /* FifthViewController.swift */; };
/* End PBXBuildFile section */

/* Begin PBXFileReference section */
		331020C61BF4DEC500DFC7FE /* AutoLayout.app */ = {isa = PBXFileReference; explicitFileType = wrapper.application; includeInIndex = 0; path = AutoLayout.app; sourceTree = BUILT_PRODUCTS_DIR; };
		331020C91BF4DEC500DFC7FE /* AppDelegate.swift */ = {isa = PBXFileReference; lastKnownFileType = sourcecode.swift; path = AppDelegate.swift; sourceTree = "<group>"; };
		331020CB1BF4DEC500DFC7FE /* ViewController.swift */ = {isa = PBXFileReference; lastKnownFileType = sourcecode.swift; path = ViewController.swift; sourceTree = "<group>"; };
		331020CE1BF4DEC500DFC7FE /* Base */ = {isa = PBXFileReference; lastKnownFileType = file.storyboard; name = Base; path = Base.lproj/Main.storyboard; sourceTree = "<group>"; };
		331020D01BF4DEC500DFC7FE /* Assets.xcassets */ = {isa = PBXFileReference; lastKnownFileType = folder.assetcatalog; path = Assets.xcassets; sourceTree = "<group>"; };
		331020D31BF4DEC500DFC7FE /* Base */ = {isa = PBXFileReference; lastKnownFileType = file.storyboard; name = Base; path = Base.lproj/LaunchScreen.storyboard; sourceTree = "<group>"; };
		331020D51BF4DEC500DFC7FE /* Info.plist */ = {isa = PBXFileReference; lastKnownFileType = text.plist.xml; path = Info.plist; sourceTree = "<group>"; };
		331020DB1BF4E3B200DFC7FE /* SecViewController.swift */ = {isa = PBXFileReference; fileEncoding = 4; lastKnownFileType = sourcecode.swift; path = SecViewController.swift; sourceTree = "<group>"; };
		331020DD1BF4E71100DFC7FE /* ScorllLayoutViewController.swift */ = {isa = PBXFileReference; fileEncoding = 4; lastKnownFileType = sourcecode.swift; path = ScorllLayoutViewController.swift; sourceTree = "<group>"; };
		331020DF1BF4F0B800DFC7FE /* ForthViewController.swift */ = {isa = PBXFileReference; fileEncoding = 4; lastKnownFileType = sourcecode.swift; path = ForthViewController.swift; sourceTree = "<group>"; };
		331020E11BF4F68300DFC7FE /* FifthViewController.swift */ = {isa = PBXFileReference; fileEncoding = 4; lastKnownFileType = sourcecode.swift; path = FifthViewController.swift; sourceTree = "<group>"; };
/* End PBXFileReference section */

/* Begin PBXFrameworksBuildPhase section */
		331020C31BF4DEC500DFC7FE /* Frameworks */ = {
			isa = PBXFrameworksBuildPhase;
			buildActionMask = 2147483647;
			files = (
			);
			runOnlyForDeploymentPostprocessing = 0;
		};
/* End PBXFrameworksBuildPhase section */

/* Begin PBXGroup section */
		331020BD1BF4DEC500DFC7FE = {
			isa = PBXGroup;
			children = (
				331020C81BF4DEC500DFC7FE /* AutoLayout */,
				331020C71BF4DEC500DFC7FE /* Products */,
			);
			sourceTree = "<group>";
		};
		331020C71BF4DEC500DFC7FE /* Products */ = {
			isa = PBXGroup;
			children = (
				331020C61BF4DEC500DFC7FE /* AutoLayout.app */,
			);
			name = Products;
			sourceTree = "<group>";
		};
		331020C81BF4DEC500DFC7FE /* AutoLayout */ = {
			isa = PBXGroup;
			children = (
				331020C91BF4DEC500DFC7FE /* AppDelegate.swift */,
				331020CB1BF4DEC500DFC7FE /* ViewController.swift */,
				331020DB1BF4E3B200DFC7FE /* SecViewController.swift */,
				331020DD1BF4E71100DFC7FE /* ScorllLayoutViewController.swift */,
				331020DF1BF4F0B800DFC7FE /* ForthViewController.swift */,
				331020E11BF4F68300DFC7FE /* FifthViewController.swift */,
				331020CD1BF4DEC500DFC7FE /* Main.storyboard */,
				331020D01BF4DEC500DFC7FE /* Assets.xcassets */,
				331020D21BF4DEC500DFC7FE /* LaunchScreen.storyboard */,
				331020D51BF4DEC500DFC7FE /* Info.plist */,
			);
			path = AutoLayout;
			sourceTree = "<group>";
		};
/* End PBXGroup section */

/* Begin PBXNativeTarget section */
		331020C51BF4DEC500DFC7FE /* AutoLayout */ = {
			isa = PBXNativeTarget;
			buildConfigurationList = 331020D81BF4DEC500DFC7FE /* Build configuration list for PBXNativeTarget "AutoLayout" */;
			buildPhases = (
				331020C21BF4DEC500DFC7FE /* Sources */,
				331020C31BF4DEC500DFC7FE /* Frameworks */,
				331020C41BF4DEC500DFC7FE /* Resources */,
			);
			buildRules = (
			);
			dependencies = (
			);
			name = AutoLayout;
			productName = AutoLayout;
			productReference = 331020C61BF4DEC500DFC7FE /* AutoLayout.app */;
			productType = "com.apple.product-type.application";
		};
/* End PBXNativeTarget section */

/* Begin PBXProject section */
		331020BE1BF4DEC500DFC7FE /* Project object */ = {
			isa = PBXProject;
			attributes = {
				LastSwiftUpdateCheck = 0710;
				LastUpgradeCheck = 0710;
				ORGANIZATIONNAME = Will;
				TargetAttributes = {
					331020C51BF4DEC500DFC7FE = {
						CreatedOnToolsVersion = 7.1;
						DevelopmentTeam = UXKN5U7C48;
					};
				};
			};
			buildConfigurationList = 331020C11BF4DEC500DFC7FE /* Build configuration list for PBXProject "AutoLayout" */;
			compatibilityVersion = "Xcode 3.2";
			developmentRegion = English;
			hasScannedForEncodings = 0;
			knownRegions = (
				en,
				Base,
			);
			mainGroup = 331020BD1BF4DEC500DFC7FE;
			productRefGroup = 331020C71BF4DEC500DFC7FE /* Products */;
			projectDirPath = "";
			projectRoot = "";
			targets = (
				331020C51BF4DEC500DFC7FE /* AutoLayout */,
			);
		};
/* End PBXProject section */

/* Begin PBXResourcesBuildPhase section */
		331020C41BF4DEC500DFC7FE /* Resources */ = {
			isa = PBXResourcesBuildPhase;
			buildActionMask = 2147483647;
			files = (
				331020D41BF4DEC500DFC7FE /* LaunchScreen.storyboard in Resources */,
				331020D11BF4DEC500DFC7FE /* Assets.xcassets in Resources */,
				331020CF1BF4DEC500DFC7FE /* Main.storyboard in Resources */,
			);
			runOnlyForDeploymentPostprocessing = 0;
		};
/* End PBXResourcesBuildPhase section */

/* Begin PBXSourcesBuildPhase section */
		331020C21BF4DEC500DFC7FE /* Sources */ = {
			isa = PBXSourcesBuildPhase;
			buildActionMask = 2147483647;
			files = (
				331020E21BF4F68300DFC7FE /* FifthViewController.swift in Sources */,
				331020CC1BF4DEC500DFC7FE /* ViewController.swift in Sources */,
				331020CA1BF4DEC500DFC7FE /* AppDelegate.swift in Sources */,
				331020DE1BF4E71100DFC7FE /* ScorllLayoutViewController.swift in Sources */,
				331020DC1BF4E3B200DFC7FE /* SecViewController.swift in Sources */,
				331020E01BF4F0B800DFC7FE /* ForthViewController.swift in Sources */,
			);
			runOnlyForDeploymentPostprocessing = 0;
		};
/* End PBXSourcesBuildPhase section */

/* Begin PBXVariantGroup section */
		331020CD1BF4DEC500DFC7FE /* Main.storyboard */ = {
			isa = PBXVariantGroup;
			children = (
				331020CE1BF4DEC500DFC7FE /* Base */,
			);
			name = Main.storyboard;
			sourceTree = "<group>";
		};
		331020D21BF4DEC500DFC7FE /* LaunchScreen.storyboard */ = {
			isa = PBXVariantGroup;
			children = (
				331020D31BF4DEC500DFC7FE /* Base */,
			);
			name = LaunchScreen.storyboard;
			sourceTree = "<group>";
		};
/* End PBXVariantGroup section */

/* Begin XCBuildConfiguration section */
		331020D61BF4DEC500DFC7FE /* Debug */ = {
			isa = XCBuildConfiguration;
			buildSettings = {
				ALWAYS_SEARCH_USER_PATHS = NO;
				CLANG_CXX_LANGUAGE_STANDARD = "gnu++0x";
				CLANG_CXX_LIBRARY = "libc++";
				CLANG_ENABLE_MODULES = YES;
				CLANG_ENABLE_OBJC_ARC = YES;
				CLANG_WARN_BOOL_CONVERSION = YES;
				CLANG_WARN_CONSTANT_CONVERSION = YES;
				CLANG_WARN_DIRECT_OBJC_ISA_USAGE = YES_ERROR;
				CLANG_WARN_EMPTY_BODY = YES;
				CLANG_WARN_ENUM_CONVERSION = YES;
				CLANG_WARN_INT_CONVERSION = YES;
				CLANG_WARN_OBJC_ROOT_CLASS = YES_ERROR;
				CLANG_WARN_UNREACHABLE_CODE = YES;
				CLANG_WARN__DUPLICATE_METHOD_MATCH = YES;
				"CODE_SIGN_IDENTITY[sdk=iphoneos*]" = "iPhone Developer";
				COPY_PHASE_STRIP = NO;
				DEBUG_INFORMATION_FORMAT = dwarf;
				ENABLE_STRICT_OBJC_MSGSEND = YES;
				ENABLE_TESTABILITY = YES;
				GCC_C_LANGUAGE_STANDARD = gnu99;
				GCC_DYNAMIC_NO_PIC = NO;
				GCC_NO_COMMON_BLOCKS = YES;
				GCC_OPTIMIZATION_LEVEL = 0;
				GCC_PREPROCESSOR_DEFINITIONS = (
					"DEBUG=1",
					"$(inherited)",
				);
				GCC_WARN_64_TO_32_BIT_CONVERSION = YES;
				GCC_WARN_ABOUT_RETURN_TYPE = YES_ERROR;
				GCC_WARN_UNDECLARED_SELECTOR = YES;
				GCC_WARN_UNINITIALIZED_AUTOS = YES_AGGRESSIVE;
				GCC_WARN_UNUSED_FUNCTION = YES;
				GCC_WARN_UNUSED_VARIABLE = YES;
				IPHONEOS_DEPLOYMENT_TARGET = 9.1;
				MTL_ENABLE_DEBUG_INFO = YES;
				ONLY_ACTIVE_ARCH = YES;
				SDKROOT = iphoneos;
				SWIFT_OPTIMIZATION_LEVEL = "-Onone";
			};
			name = Debug;
		};
		331020D71BF4DEC500DFC7FE /* Release */ = {
			isa = XCBuildConfiguration;
			buildSettings = {
				ALWAYS_SEARCH_USER_PATHS = NO;
				CLANG_CXX_LANGUAGE_STANDARD = "gnu++0x";
				CLANG_CXX_LIBRARY = "libc++";
				CLANG_ENABLE_MODULES = YES;
				CLANG_ENABLE_OBJC_ARC = YES;
				CLANG_WARN_BOOL_CONVERSION = YES;
				CLANG_WARN_CONSTANT_CONVERSION = YES;
				CLANG_WARN_DIRECT_OBJC_ISA_USAGE = YES_ERROR;
				CLANG_WARN_EMPTY_BODY = YES;
				CLANG_WARN_ENUM_CONVERSION = YES;
				CLANG_WARN_INT_CONVERSION = YES;
				CLANG_WARN_OBJC_ROOT_CLASS = YES_ERROR;
				CLANG_WARN_UNREACHABLE_CODE = YES;
				CLANG_WARN__DUPLICATE_METHOD_MATCH = YES;
				"CODE_SIGN_IDENTITY[sdk=iphoneos*]" = "iPhone Developer";
				COPY_PHASE_STRIP = NO;
				DEBUG_INFORMATION_FORMAT = "dwarf-with-dsym";
				ENABLE_NS_ASSERTIONS = NO;
				ENABLE_STRICT_OBJC_MSGSEND = YES;
				GCC_C_LANGUAGE_STANDARD = gnu99;
				GCC_NO_COMMON_BLOCKS = YES;
				GCC_WARN_64_TO_32_BIT_CONVERSION = YES;
				GCC_WARN_ABOUT_RETURN_TYPE = YES_ERROR;
				GCC_WARN_UNDECLARED_SELECTOR = YES;
				GCC_WARN_UNINITIALIZED_AUTOS = YES_AGGRESSIVE;
				GCC_WARN_UNUSED_FUNCTION = YES;
				GCC_WARN_UNUSED_VARIABLE = YES;
				IPHONEOS_DEPLOYMENT_TARGET = 9.1;
				MTL_ENABLE_DEBUG_INFO = NO;
				SDKROOT = iphoneos;
				VALIDATE_PRODUCT = YES;
			};
			name = Release;
		};
		331020D91BF4DEC500DFC7FE /* Debug */ = {
			isa = XCBuildConfiguration;
			buildSettings = {
				ASSETCATALOG_COMPILER_APPICON_NAME = AppIcon;
				INFOPLIST_FILE = AutoLayout/Info.plist;
				LD_RUNPATH_SEARCH_PATHS = "$(inherited) @executable_path/Frameworks";
				PRODUCT_BUNDLE_IDENTIFIER = "wang-wang.AutoLayout";
				PRODUCT_NAME = "$(TARGET_NAME)";
			};
			name = Debug;
		};
		331020DA1BF4DEC500DFC7FE /* Release */ = {
			isa = XCBuildConfiguration;
			buildSettings = {
				ASSETCATALOG_COMPILER_APPICON_NAME = AppIcon;
				INFOPLIST_FILE = AutoLayout/Info.plist;
				LD_RUNPATH_SEARCH_PATHS = "$(inherited) @executable_path/Frameworks";
				PRODUCT_BUNDLE_IDENTIFIER = "wang-wang.AutoLayout";
				PRODUCT_NAME = "$(TARGET_NAME)";
			};
			name = Release;
		};
/* End XCBuildConfiguration section */

/* Begin XCConfigurationList section */
		331020C11BF4DEC500DFC7FE /* Build configuration list for PBXProject "AutoLayout" */ = {
			isa = XCConfigurationList;
			buildConfigurations = (
				331020D61BF4DEC500DFC7FE /* Debug */,
				331020D71BF4DEC500DFC7FE /* Release */,
			);
			defaultConfigurationIsVisible = 0;
			defaultConfigurationName = Release;
		};
		331020D81BF4DEC500DFC7FE /* Build configuration list for PBXNativeTarget "AutoLayout" */ = {
			isa = XCConfigurationList;
			buildConfigurations = (
				331020D91BF4DEC500DFC7FE /* Debug */,
				331020DA1BF4DEC500DFC7FE /* Release */,
			);
			defaultConfigurationIsVisible = 0;
		};
/* End XCConfigurationList section */
	};
	rootObject = 331020BE1BF4DEC500DFC7FE /* Project object */;
}
